
Microsoft Visual Studio Solution File, Format Version 12.00
# Visual Studio 15
VisualStudioVersion = 15.0.28010.2003
MinimumVisualStudioVersion = 10.0.40219.1
Project("{FAE04EC0-301F-11D3-BF4B-00C04F79EFBC}") = "Guard.Net", "Guard.Net\Guard.Net.csproj", "{58F9FA33-2D3E-432B-AAD6-136DB798CBF4}"
EndProject
Project("{FAE04EC0-301F-11D3-BF4B-00C04F79EFBC}") = "Guard.Net.UnitTests", "Guard.Net.UnitTests\Guard.Net.UnitTests.csproj", "{401B4622-5213-4204-A8E7-DC9260E164A3}"
EndProject
Global
	GlobalSection(SolutionConfigurationPlatforms) = preSolution
		Debug|Any CPU = Debug|Any CPU
		Release|Any CPU = Release|Any CPU
	EndGlobalSection
	GlobalSection(ProjectConfigurationPlatforms) = postSolution
		{58F9FA33-2D3E-432B-AAD6-136DB798CBF4}.Debug|Any CPU.ActiveCfg = Debug|Any CPU
		{58F9FA33-2D3E-432B-AAD6-136DB798CBF4}.Debug|Any CPU.Build.0 = Debug|Any CPU
		{58F9FA33-2D3E-432B-AAD6-136DB798CBF4}.Release|Any CPU.ActiveCfg = Release|Any CPU
		{58F9FA33-2D3E-432B-AAD6-136DB798CBF4}.Release|Any CPU.Build.0 = Release|Any CPU
		{401B4622-5213-4204-A8E7-DC9260E164A3}.Debug|Any CPU.ActiveCfg = Debug|Any CPU
		{401B4622-5213-4204-A8E7-DC9260E164A3}.Debug|Any CPU.Build.0 = Debug|Any CPU
		{401B4622-5213-4204-A8E7-DC9260E164A3}.Release|Any CPU.ActiveCfg = Release|Any CPU
		{401B4622-5213-4204-A8E7-DC9260E164A3}.Release|Any CPU.Build.0 = Release|Any CPU
	EndGlobalSection
	GlobalSection(SolutionProperties) = preSolution
		HideSolutionNode = FALSE
	EndGlobalSection
	GlobalSection(ExtensibilityGlobals) = postSolution
		SolutionGuid = {357B5021-D7EF-45CD-96BF-F0AA5906A8FF}
	EndGlobalSection
EndGlobal
